
Microsoft Visual Studio Solution File, Format Version 12.00
# Visual Studio 15
VisualStudioVersion = 15.0.28307.421
MinimumVisualStudioVersion = 10.0.40219.1
Project("{FAE04EC0-301F-11D3-BF4B-00C04F79EFBC}") = "NetCoreAppSettings", "NetCoreAppSettings\NetCoreAppSettings.csproj", "{974BF15E-BAEB-4610-A9A4-F2A3596C287E}"
EndProject
Global
	GlobalSection(SolutionConfigurationPlatforms) = preSolution
		Debug|Any CPU = Debug|Any CPU
		Release|Any CPU = Release|Any CPU
	EndGlobalSection
	GlobalSection(ProjectConfigurationPlatforms) = postSolution
		{974BF15E-BAEB-4610-A9A4-F2A3596C287E}.Debug|Any CPU.ActiveCfg = Debug|Any CPU
		{974BF15E-BAEB-4610-A9A4-F2A3596C287E}.Debug|Any CPU.Build.0 = Debug|Any CPU
		{974BF15E-BAEB-4610-A9A4-F2A3596C287E}.Release|Any CPU.ActiveCfg = Release|Any CPU
		{974BF15E-BAEB-4610-A9A4-F2A3596C287E}.Release|Any CPU.Build.0 = Release|Any CPU
	EndGlobalSection
	GlobalSection(SolutionProperties) = preSolution
		HideSolutionNode = FALSE
	EndGlobalSection
	GlobalSection(ExtensibilityGlobals) = postSolution
		SolutionGuid = {0BCDF594-B0E6-4CE4-9005-C50CE101C5DB}
	EndGlobalSection
EndGlobal
